# THIS IS AN AUTOGENERATED FILE. DO NOT EDIT THIS FILE DIRECTLY.
# yarn lockfile v1


fontsource-roboto-mono@^3.0.3:
  version "3.0.3"
  resolved "https://registry.yarnpkg.com/fontsource-roboto-mono/-/fontsource-roboto-mono-3.0.3.tgz#5897326b144543e8587ec6edd0cce7162ad27874"
  integrity sha512-DhrrZR6CXyH8uKoSGTH6BEomGb8x9RqYq2QSHft+ALMTsx1UlnuIYIn2PW/3aS19KIs4YxjaTjIFAPKSyywIiA==
